{
  "nodes": {
    "nixpkgs": {
      "locked": {
        "lastModified": 1748026580,
        "narHash": "sha256-rWtXrcIzU5wm/C8F9LWvUfBGu5U5E7cFzPYT1pHIJaQ=",
        "owner": "nixos",
        "repo": "nixpkgs",
        "rev": "11cb3517b3af6af300dd6c055aeda73c9bf52c48",
        "type": "github"
      },
      "original": {
        "owner": "nixos",
        "ref": "25.05",
        "repo": "nixpkgs",
        "type": "github"
      }
    },
    "root": {
      "inputs": {
        "nixpkgs": "nixpkgs",
        "tablassert": "tablassert"
      }
    },
    "tablassert": {
      "flake": false,
      "locked": {
        "lastModified": 1755133537,
        "narHash": "sha256-aFOi4PgBcchN8mO5DWRYXzzFhERYM84Ojkl7RIiVYvk=",
        "owner": "SkyeAv",
        "repo": "Tablassert",
        "rev": "d5d7ea4ae17470a8e26fb08006605a72e4a9bc72",
        "type": "github"
      },
      "original": {
        "owner": "SkyeAv",
        "ref": "4.4.0",
        "repo": "Tablassert",
        "type": "github"
      }
    }
  },
  "root": "root",
  "version": 7
}
