{
  "nodes": {
    "nixpkgs": {
      "locked": {
        "lastModified": 1748026580,
        "narHash": "sha256-rWtXrcIzU5wm/C8F9LWvUfBGu5U5E7cFzPYT1pHIJaQ=",
        "owner": "nixos",
        "repo": "nixpkgs",
        "rev": "11cb3517b3af6af300dd6c055aeda73c9bf52c48",
        "type": "github"
      },
      "original": {
        "owner": "nixos",
        "ref": "25.05",
        "repo": "nixpkgs",
        "type": "github"
      }
    },
    "root": {
      "inputs": {
        "nixpkgs": "nixpkgs",
        "tablassert": "tablassert"
      }
    },
    "tablassert": {
      "flake": false,
      "locked": {
        "lastModified": 1755043105,
        "narHash": "sha256-lav9mP8eFe8R2a6Yn7/vfFT1lMTviX/PIlMFzH13Ll0=",
        "owner": "SkyeAv",
        "repo": "Tablassert",
        "rev": "cc83cad53fe14f2fa206b2d55ffe7b5702917e44",
        "type": "github"
      },
      "original": {
        "owner": "SkyeAv",
        "ref": "4.4.0",
        "repo": "Tablassert",
        "type": "github"
      }
    }
  },
  "root": "root",
  "version": 7
}
